
Microsoft Visual Studio Solution File, Format Version 12.00
# Visual Studio Version 17
VisualStudioVersion = 17.2.32519.379
MinimumVisualStudioVersion = 10.0.40219.1
Project("{9A19103F-16F7-4668-BE54-9A1E7A4F7556}") = "CoronaApp", "CoronaApp\CoronaApp.csproj", "{DDB08477-8B4D-428C-AAEB-268FC9E71AA3}"
EndProject
Project("{9A19103F-16F7-4668-BE54-9A1E7A4F7556}") = "CoronaApp.Dal", "CoronaApp.Dal\CoronaApp.Dal.csproj", "{010E5362-D366-475D-B6B2-B8C5C4F4F024}"
EndProject
Project("{9A19103F-16F7-4668-BE54-9A1E7A4F7556}") = "CoronaApp.Services", "CoronaApp.Services\CoronaApp.Services.csproj", "{26839421-BD2D-4444-9C5F-D3443804235D}"
EndProject
Project("{FAE04EC0-301F-11D3-BF4B-00C04F79EFBC}") = "CoronaApp.Tests", "CoronaApp.Tests\CoronaApp.Tests.csproj", "{92E7A64B-C17C-4728-88E9-00533FC7E01A}"
EndProject
Global
	GlobalSection(SolutionConfigurationPlatforms) = preSolution
		Debug|Any CPU = Debug|Any CPU
		Release|Any CPU = Release|Any CPU
	EndGlobalSection
	GlobalSection(ProjectConfigurationPlatforms) = postSolution
		{DDB08477-8B4D-428C-AAEB-268FC9E71AA3}.Debug|Any CPU.ActiveCfg = Debug|Any CPU
		{DDB08477-8B4D-428C-AAEB-268FC9E71AA3}.Debug|Any CPU.Build.0 = Debug|Any CPU
		{DDB08477-8B4D-428C-AAEB-268FC9E71AA3}.Release|Any CPU.ActiveCfg = Release|Any CPU
		{DDB08477-8B4D-428C-AAEB-268FC9E71AA3}.Release|Any CPU.Build.0 = Release|Any CPU
		{010E5362-D366-475D-B6B2-B8C5C4F4F024}.Debug|Any CPU.ActiveCfg = Debug|Any CPU
		{010E5362-D366-475D-B6B2-B8C5C4F4F024}.Debug|Any CPU.Build.0 = Debug|Any CPU
		{010E5362-D366-475D-B6B2-B8C5C4F4F024}.Release|Any CPU.ActiveCfg = Release|Any CPU
		{010E5362-D366-475D-B6B2-B8C5C4F4F024}.Release|Any CPU.Build.0 = Release|Any CPU
		{26839421-BD2D-4444-9C5F-D3443804235D}.Debug|Any CPU.ActiveCfg = Debug|Any CPU
		{26839421-BD2D-4444-9C5F-D3443804235D}.Debug|Any CPU.Build.0 = Debug|Any CPU
		{26839421-BD2D-4444-9C5F-D3443804235D}.Release|Any CPU.ActiveCfg = Release|Any CPU
		{26839421-BD2D-4444-9C5F-D3443804235D}.Release|Any CPU.Build.0 = Release|Any CPU
		{92E7A64B-C17C-4728-88E9-00533FC7E01A}.Debug|Any CPU.ActiveCfg = Debug|Any CPU
		{92E7A64B-C17C-4728-88E9-00533FC7E01A}.Debug|Any CPU.Build.0 = Debug|Any CPU
		{92E7A64B-C17C-4728-88E9-00533FC7E01A}.Release|Any CPU.ActiveCfg = Release|Any CPU
		{92E7A64B-C17C-4728-88E9-00533FC7E01A}.Release|Any CPU.Build.0 = Release|Any CPU
	EndGlobalSection
	GlobalSection(SolutionProperties) = preSolution
		HideSolutionNode = FALSE
	EndGlobalSection
	GlobalSection(ExtensibilityGlobals) = postSolution
		SolutionGuid = {B57F1C61-ADA4-46D7-B273-749A1F945C74}
	EndGlobalSection
EndGlobal
